// !$*UTF8*$!
{
	archiveVersion = 1;
	classes = {
	};
	objectVersion = 56;
	objects = {

/* Begin PBXBuildFile section */
		7FE1A5A52BF217C4004CC9B2 /* AppDelegate.swift in Sources */ = {isa = PBXBuildFile; fileRef = 7FE1A5A42BF217C4004CC9B2 /* AppDelegate.swift */; };
		7FE1A5A72BF217C4004CC9B2 /* SceneDelegate.swift in Sources */ = {isa = PBXBuildFile; fileRef = 7FE1A5A62BF217C4004CC9B2 /* SceneDelegate.swift */; };
		7FE1A5A92BF217C4004CC9B2 /* MaiScreenViewController.swift in Sources */ = {isa = PBXBuildFile; fileRef = 7FE1A5A82BF217C4004CC9B2 /* MaiScreenViewController.swift */; };
		7FE1A5AE2BF217C5004CC9B2 /* Images.xcassets in Resources */ = {isa = PBXBuildFile; fileRef = 7FE1A5AD2BF217C5004CC9B2 /* Images.xcassets */; };
		7FE1A5B12BF217C5004CC9B2 /* Base in Resources */ = {isa = PBXBuildFile; fileRef = 7FE1A5B02BF217C5004CC9B2 /* Base */; };
		7FE1A5B92BF21D33004CC9B2 /* Colors.xcassets in Resources */ = {isa = PBXBuildFile; fileRef = 7FE1A5B82BF21D33004CC9B2 /* Colors.xcassets */; };
		7FE1A5BB2BF21D83004CC9B2 /* Icons.xcassets in Resources */ = {isa = PBXBuildFile; fileRef = 7FE1A5BA2BF21D83004CC9B2 /* Icons.xcassets */; };
		7FE1A5BE2BF2206E004CC9B2 /* UIFonts_ext..swift in Sources */ = {isa = PBXBuildFile; fileRef = 7FE1A5BD2BF2206E004CC9B2 /* UIFonts_ext..swift */; };
		7FE1A5C12BF221C8004CC9B2 /* Localizable.strings in Resources */ = {isa = PBXBuildFile; fileRef = 7FE1A5BF2BF221C8004CC9B2 /* Localizable.strings */; };
		7FE1A5C42BF22261004CC9B2 /* Strings+Generated.swift in Sources */ = {isa = PBXBuildFile; fileRef = 7FE1A5C32BF22261004CC9B2 /* Strings+Generated.swift */; };
		7FE1A5C92BF22435004CC9B2 /* MainScreenViewModel.swift in Sources */ = {isa = PBXBuildFile; fileRef = 7FE1A5C82BF22435004CC9B2 /* MainScreenViewModel.swift */; };
		7FE1A5CB2BF22454004CC9B2 /* MainScreenViewModelProtocol.swift in Sources */ = {isa = PBXBuildFile; fileRef = 7FE1A5CA2BF22454004CC9B2 /* MainScreenViewModelProtocol.swift */; };
		7FE1A5CD2BF22C12004CC9B2 /* NewsUIModel.swift in Sources */ = {isa = PBXBuildFile; fileRef = 7FE1A5CC2BF22C12004CC9B2 /* NewsUIModel.swift */; };
		7FE1A5D12BF22C9C004CC9B2 /* NewsNetModel.swift in Sources */ = {isa = PBXBuildFile; fileRef = 7FE1A5D02BF22C9C004CC9B2 /* NewsNetModel.swift */; };
		7FE1A5D62BF23F9E004CC9B2 /* NetworkClient.swift in Sources */ = {isa = PBXBuildFile; fileRef = 7FE1A5D52BF23F9E004CC9B2 /* NetworkClient.swift */; };
		7FE1A5DA2BF240DD004CC9B2 /* ViewState.swift in Sources */ = {isa = PBXBuildFile; fileRef = 7FE1A5D92BF240DD004CC9B2 /* ViewState.swift */; };
		7FE1A5DC2BF242E9004CC9B2 /* NewsCellScreenViewCell.swift in Sources */ = {isa = PBXBuildFile; fileRef = 7FE1A5DB2BF242E9004CC9B2 /* NewsCellScreenViewCell.swift */; };
		7FE1A5DF2BF26E1C004CC9B2 /* DetailNewsViewController.swift in Sources */ = {isa = PBXBuildFile; fileRef = 7FE1A5DE2BF26E1C004CC9B2 /* DetailNewsViewController.swift */; };
		7FE1A5E62BF26F84004CC9B2 /* DetailNewsViewModelProtocol.swift in Sources */ = {isa = PBXBuildFile; fileRef = 7FE1A5E52BF26F84004CC9B2 /* DetailNewsViewModelProtocol.swift */; };
		7FE1A5E82BF27C2B004CC9B2 /* DetailNewsViewModel.swift in Sources */ = {isa = PBXBuildFile; fileRef = 7FE1A5E72BF27C2B004CC9B2 /* DetailNewsViewModel.swift */; };
/* End PBXBuildFile section */

/* Begin PBXFileReference section */
		7FE1A5A12BF217C4004CC9B2 /* AutoNews.app */ = {isa = PBXFileReference; explicitFileType = wrapper.application; includeInIndex = 0; path = AutoNews.app; sourceTree = BUILT_PRODUCTS_DIR; };
		7FE1A5A42BF217C4004CC9B2 /* AppDelegate.swift */ = {isa = PBXFileReference; lastKnownFileType = sourcecode.swift; path = AppDelegate.swift; sourceTree = "<group>"; };
		7FE1A5A62BF217C4004CC9B2 /* SceneDelegate.swift */ = {isa = PBXFileReference; lastKnownFileType = sourcecode.swift; path = SceneDelegate.swift; sourceTree = "<group>"; };
		7FE1A5A82BF217C4004CC9B2 /* MaiScreenViewController.swift */ = {isa = PBXFileReference; lastKnownFileType = sourcecode.swift; path = MaiScreenViewController.swift; sourceTree = "<group>"; };
		7FE1A5AD2BF217C5004CC9B2 /* Images.xcassets */ = {isa = PBXFileReference; lastKnownFileType = folder.assetcatalog; path = Images.xcassets; sourceTree = "<group>"; };
		7FE1A5B02BF217C5004CC9B2 /* Base */ = {isa = PBXFileReference; lastKnownFileType = file.storyboard; name = Base; path = Base.lproj/LaunchScreen.storyboard; sourceTree = "<group>"; };
		7FE1A5B22BF217C5004CC9B2 /* Info.plist */ = {isa = PBXFileReference; lastKnownFileType = text.plist.xml; path = Info.plist; sourceTree = "<group>"; };
		7FE1A5B82BF21D33004CC9B2 /* Colors.xcassets */ = {isa = PBXFileReference; lastKnownFileType = folder.assetcatalog; path = Colors.xcassets; sourceTree = "<group>"; };
		7FE1A5BA2BF21D83004CC9B2 /* Icons.xcassets */ = {isa = PBXFileReference; lastKnownFileType = folder.assetcatalog; path = Icons.xcassets; sourceTree = "<group>"; };
		7FE1A5BD2BF2206E004CC9B2 /* UIFonts_ext..swift */ = {isa = PBXFileReference; lastKnownFileType = sourcecode.swift; path = UIFonts_ext..swift; sourceTree = "<group>"; };
		7FE1A5C02BF221C8004CC9B2 /* en */ = {isa = PBXFileReference; lastKnownFileType = text.plist.strings; name = en; path = en.lproj/Localizable.strings; sourceTree = "<group>"; };
		7FE1A5C32BF22261004CC9B2 /* Strings+Generated.swift */ = {isa = PBXFileReference; lastKnownFileType = sourcecode.swift; path = "Strings+Generated.swift"; sourceTree = "<group>"; };
		7FE1A5C82BF22435004CC9B2 /* MainScreenViewModel.swift */ = {isa = PBXFileReference; lastKnownFileType = sourcecode.swift; path = MainScreenViewModel.swift; sourceTree = "<group>"; };
		7FE1A5CA2BF22454004CC9B2 /* MainScreenViewModelProtocol.swift */ = {isa = PBXFileReference; lastKnownFileType = sourcecode.swift; path = MainScreenViewModelProtocol.swift; sourceTree = "<group>"; };
		7FE1A5CC2BF22C12004CC9B2 /* NewsUIModel.swift */ = {isa = PBXFileReference; lastKnownFileType = sourcecode.swift; path = NewsUIModel.swift; sourceTree = "<group>"; };
		7FE1A5D02BF22C9C004CC9B2 /* NewsNetModel.swift */ = {isa = PBXFileReference; lastKnownFileType = sourcecode.swift; path = NewsNetModel.swift; sourceTree = "<group>"; };
		7FE1A5D52BF23F9E004CC9B2 /* NetworkClient.swift */ = {isa = PBXFileReference; lastKnownFileType = sourcecode.swift; path = NetworkClient.swift; sourceTree = "<group>"; };
		7FE1A5D92BF240DD004CC9B2 /* ViewState.swift */ = {isa = PBXFileReference; lastKnownFileType = sourcecode.swift; path = ViewState.swift; sourceTree = "<group>"; };
		7FE1A5DB2BF242E9004CC9B2 /* NewsCellScreenViewCell.swift */ = {isa = PBXFileReference; lastKnownFileType = sourcecode.swift; path = NewsCellScreenViewCell.swift; sourceTree = "<group>"; };
		7FE1A5DE2BF26E1C004CC9B2 /* DetailNewsViewController.swift */ = {isa = PBXFileReference; lastKnownFileType = sourcecode.swift; name = DetailNewsViewController.swift; path = AutoNews/Scene/DetailNewsScreen/View/DetailNewsViewController.swift; sourceTree = SOURCE_ROOT; };
		7FE1A5E52BF26F84004CC9B2 /* DetailNewsViewModelProtocol.swift */ = {isa = PBXFileReference; lastKnownFileType = sourcecode.swift; path = DetailNewsViewModelProtocol.swift; sourceTree = "<group>"; };
		7FE1A5E72BF27C2B004CC9B2 /* DetailNewsViewModel.swift */ = {isa = PBXFileReference; lastKnownFileType = sourcecode.swift; path = DetailNewsViewModel.swift; sourceTree = "<group>"; };
/* End PBXFileReference section */

/* Begin PBXFrameworksBuildPhase section */
		7FE1A59E2BF217C4004CC9B2 /* Frameworks */ = {
			isa = PBXFrameworksBuildPhase;
			buildActionMask = 2147483647;
			files = (
			);
			runOnlyForDeploymentPostprocessing = 0;
		};
/* End PBXFrameworksBuildPhase section */

/* Begin PBXGroup section */
		7FE1A5982BF217C4004CC9B2 = {
			isa = PBXGroup;
			children = (
				7FE1A5A32BF217C4004CC9B2 /* AutoNews */,
				7FE1A5A22BF217C4004CC9B2 /* Products */,
			);
			sourceTree = "<group>";
		};
		7FE1A5A22BF217C4004CC9B2 /* Products */ = {
			isa = PBXGroup;
			children = (
				7FE1A5A12BF217C4004CC9B2 /* AutoNews.app */,
			);
			name = Products;
			sourceTree = "<group>";
		};
		7FE1A5A32BF217C4004CC9B2 /* AutoNews */ = {
			isa = PBXGroup;
			children = (
				7FE1A5A42BF217C4004CC9B2 /* AppDelegate.swift */,
				7FE1A5A62BF217C4004CC9B2 /* SceneDelegate.swift */,
				7FE1A5CF2BF22C83004CC9B2 /* Service */,
				7FE1A5CE2BF22C26004CC9B2 /* Model */,
				7FE1A5C72BF2241F004CC9B2 /* Scene */,
				7FE1A5BC2BF21D8C004CC9B2 /* Resources */,
				7FE1A5AF2BF217C5004CC9B2 /* LaunchScreen.storyboard */,
				7FE1A5B22BF217C5004CC9B2 /* Info.plist */,
			);
			path = AutoNews;
			sourceTree = "<group>";
		};
		7FE1A5BC2BF21D8C004CC9B2 /* Resources */ = {
			isa = PBXGroup;
			children = (
				7FE1A5C22BF22250004CC9B2 /* Generated */,
				7FE1A5BF2BF221C8004CC9B2 /* Localizable.strings */,
				7FE1A5AD2BF217C5004CC9B2 /* Images.xcassets */,
				7FE1A5BA2BF21D83004CC9B2 /* Icons.xcassets */,
				7FE1A5B82BF21D33004CC9B2 /* Colors.xcassets */,
				7FE1A5BD2BF2206E004CC9B2 /* UIFonts_ext..swift */,
			);
			path = Resources;
			sourceTree = "<group>";
		};
		7FE1A5C22BF22250004CC9B2 /* Generated */ = {
			isa = PBXGroup;
			children = (
				7FE1A5C32BF22261004CC9B2 /* Strings+Generated.swift */,
			);
			path = Generated;
			sourceTree = "<group>";
		};
		7FE1A5C72BF2241F004CC9B2 /* Scene */ = {
			isa = PBXGroup;
			children = (
				7FE1A5DD2BF26DE5004CC9B2 /* MainScreen */,
				7FE1A5E02BF26E4B004CC9B2 /* DetailNewsScreen */,
			);
			path = Scene;
			sourceTree = "<group>";
		};
		7FE1A5CE2BF22C26004CC9B2 /* Model */ = {
			isa = PBXGroup;
			children = (
				7FE1A5CC2BF22C12004CC9B2 /* NewsUIModel.swift */,
				7FE1A5D92BF240DD004CC9B2 /* ViewState.swift */,
			);
			path = Model;
			sourceTree = "<group>";
		};
		7FE1A5CF2BF22C83004CC9B2 /* Service */ = {
			isa = PBXGroup;
			children = (
				7FE1A5D02BF22C9C004CC9B2 /* NewsNetModel.swift */,
				7FE1A5D52BF23F9E004CC9B2 /* NetworkClient.swift */,
			);
			path = Service;
			sourceTree = "<group>";
		};
		7FE1A5D42BF2309D004CC9B2 /* Cell */ = {
			isa = PBXGroup;
			children = (
				7FE1A5DB2BF242E9004CC9B2 /* NewsCellScreenViewCell.swift */,
			);
			path = Cell;
			sourceTree = "<group>";
		};
		7FE1A5DD2BF26DE5004CC9B2 /* MainScreen */ = {
			isa = PBXGroup;
			children = (
				7FE1A5E12BF26E7B004CC9B2 /* ViewModel */,
				7FE1A5D42BF2309D004CC9B2 /* Cell */,
				7FE1A5E22BF26E8D004CC9B2 /* View */,
			);
			path = MainScreen;
			sourceTree = "<group>";
		};
		7FE1A5E02BF26E4B004CC9B2 /* DetailNewsScreen */ = {
			isa = PBXGroup;
			children = (
				7FE1A5E42BF26ECA004CC9B2 /* View */,
				7FE1A5E32BF26EBE004CC9B2 /* ViewModel */,
			);
			path = DetailNewsScreen;
			sourceTree = "<group>";
		};
		7FE1A5E12BF26E7B004CC9B2 /* ViewModel */ = {
			isa = PBXGroup;
			children = (
				7FE1A5C82BF22435004CC9B2 /* MainScreenViewModel.swift */,
				7FE1A5CA2BF22454004CC9B2 /* MainScreenViewModelProtocol.swift */,
			);
			path = ViewModel;
			sourceTree = "<group>";
		};
		7FE1A5E22BF26E8D004CC9B2 /* View */ = {
			isa = PBXGroup;
			children = (
				7FE1A5A82BF217C4004CC9B2 /* MaiScreenViewController.swift */,
			);
			path = View;
			sourceTree = "<group>";
		};
		7FE1A5E32BF26EBE004CC9B2 /* ViewModel */ = {
			isa = PBXGroup;
			children = (
				7FE1A5E52BF26F84004CC9B2 /* DetailNewsViewModelProtocol.swift */,
				7FE1A5E72BF27C2B004CC9B2 /* DetailNewsViewModel.swift */,
			);
			path = ViewModel;
			sourceTree = "<group>";
		};
		7FE1A5E42BF26ECA004CC9B2 /* View */ = {
			isa = PBXGroup;
			children = (
				7FE1A5DE2BF26E1C004CC9B2 /* DetailNewsViewController.swift */,
			);
			path = View;
			sourceTree = "<group>";
		};
/* End PBXGroup section */

/* Begin PBXNativeTarget section */
		7FE1A5A02BF217C4004CC9B2 /* AutoNews */ = {
			isa = PBXNativeTarget;
			buildConfigurationList = 7FE1A5B52BF217C5004CC9B2 /* Build configuration list for PBXNativeTarget "AutoNews" */;
			buildPhases = (
				7FE1A59D2BF217C4004CC9B2 /* Sources */,
				7FE1A59E2BF217C4004CC9B2 /* Frameworks */,
				7FE1A59F2BF217C4004CC9B2 /* Resources */,
			);
			buildRules = (
			);
			dependencies = (
			);
			name = AutoNews;
			productName = AutoNews;
			productReference = 7FE1A5A12BF217C4004CC9B2 /* AutoNews.app */;
			productType = "com.apple.product-type.application";
		};
/* End PBXNativeTarget section */

/* Begin PBXProject section */
		7FE1A5992BF217C4004CC9B2 /* Project object */ = {
			isa = PBXProject;
			attributes = {
				BuildIndependentTargetsInParallel = 1;
				LastSwiftUpdateCheck = 1530;
				LastUpgradeCheck = 1530;
				TargetAttributes = {
					7FE1A5A02BF217C4004CC9B2 = {
						CreatedOnToolsVersion = 15.3;
					};
				};
			};
			buildConfigurationList = 7FE1A59C2BF217C4004CC9B2 /* Build configuration list for PBXProject "AutoNews" */;
			compatibilityVersion = "Xcode 14.0";
			developmentRegion = en;
			hasScannedForEncodings = 0;
			knownRegions = (
				en,
				Base,
			);
			mainGroup = 7FE1A5982BF217C4004CC9B2;
			productRefGroup = 7FE1A5A22BF217C4004CC9B2 /* Products */;
			projectDirPath = "";
			projectRoot = "";
			targets = (
				7FE1A5A02BF217C4004CC9B2 /* AutoNews */,
			);
		};
/* End PBXProject section */

/* Begin PBXResourcesBuildPhase section */
		7FE1A59F2BF217C4004CC9B2 /* Resources */ = {
			isa = PBXResourcesBuildPhase;
			buildActionMask = 2147483647;
			files = (
				7FE1A5C12BF221C8004CC9B2 /* Localizable.strings in Resources */,
				7FE1A5B92BF21D33004CC9B2 /* Colors.xcassets in Resources */,
				7FE1A5AE2BF217C5004CC9B2 /* Images.xcassets in Resources */,
				7FE1A5BB2BF21D83004CC9B2 /* Icons.xcassets in Resources */,
				7FE1A5B12BF217C5004CC9B2 /* Base in Resources */,
			);
			runOnlyForDeploymentPostprocessing = 0;
		};
/* End PBXResourcesBuildPhase section */

/* Begin PBXSourcesBuildPhase section */
		7FE1A59D2BF217C4004CC9B2 /* Sources */ = {
			isa = PBXSourcesBuildPhase;
			buildActionMask = 2147483647;
			files = (
				7FE1A5CD2BF22C12004CC9B2 /* NewsUIModel.swift in Sources */,
				7FE1A5D62BF23F9E004CC9B2 /* NetworkClient.swift in Sources */,
				7FE1A5DA2BF240DD004CC9B2 /* ViewState.swift in Sources */,
				7FE1A5CB2BF22454004CC9B2 /* MainScreenViewModelProtocol.swift in Sources */,
				7FE1A5E62BF26F84004CC9B2 /* DetailNewsViewModelProtocol.swift in Sources */,
				7FE1A5C42BF22261004CC9B2 /* Strings+Generated.swift in Sources */,
				7FE1A5DC2BF242E9004CC9B2 /* NewsCellScreenViewCell.swift in Sources */,
				7FE1A5A92BF217C4004CC9B2 /* MaiScreenViewController.swift in Sources */,
				7FE1A5D12BF22C9C004CC9B2 /* NewsNetModel.swift in Sources */,
				7FE1A5A52BF217C4004CC9B2 /* AppDelegate.swift in Sources */,
				7FE1A5A72BF217C4004CC9B2 /* SceneDelegate.swift in Sources */,
				7FE1A5DF2BF26E1C004CC9B2 /* DetailNewsViewController.swift in Sources */,
				7FE1A5BE2BF2206E004CC9B2 /* UIFonts_ext..swift in Sources */,
				7FE1A5C92BF22435004CC9B2 /* MainScreenViewModel.swift in Sources */,
				7FE1A5E82BF27C2B004CC9B2 /* DetailNewsViewModel.swift in Sources */,
			);
			runOnlyForDeploymentPostprocessing = 0;
		};
/* End PBXSourcesBuildPhase section */

/* Begin PBXVariantGroup section */
		7FE1A5AF2BF217C5004CC9B2 /* LaunchScreen.storyboard */ = {
			isa = PBXVariantGroup;
			children = (
				7FE1A5B02BF217C5004CC9B2 /* Base */,
			);
			name = LaunchScreen.storyboard;
			sourceTree = "<group>";
		};
		7FE1A5BF2BF221C8004CC9B2 /* Localizable.strings */ = {
			isa = PBXVariantGroup;
			children = (
				7FE1A5C02BF221C8004CC9B2 /* en */,
			);
			name = Localizable.strings;
			sourceTree = "<group>";
		};
/* End PBXVariantGroup section */

/* Begin XCBuildConfiguration section */
		7FE1A5B32BF217C5004CC9B2 /* Debug */ = {
			isa = XCBuildConfiguration;
			buildSettings = {
				ALWAYS_SEARCH_USER_PATHS = NO;
				ASSETCATALOG_COMPILER_GENERATE_SWIFT_ASSET_SYMBOL_EXTENSIONS = YES;
				CLANG_ANALYZER_NONNULL = YES;
				CLANG_ANALYZER_NUMBER_OBJECT_CONVERSION = YES_AGGRESSIVE;
				CLANG_CXX_LANGUAGE_STANDARD = "gnu++20";
				CLANG_ENABLE_MODULES = YES;
				CLANG_ENABLE_OBJC_ARC = YES;
				CLANG_ENABLE_OBJC_WEAK = YES;
				CLANG_WARN_BLOCK_CAPTURE_AUTORELEASING = YES;
				CLANG_WARN_BOOL_CONVERSION = YES;
				CLANG_WARN_COMMA = YES;
				CLANG_WARN_CONSTANT_CONVERSION = YES;
				CLANG_WARN_DEPRECATED_OBJC_IMPLEMENTATIONS = YES;
				CLANG_WARN_DIRECT_OBJC_ISA_USAGE = YES_ERROR;
				CLANG_WARN_DOCUMENTATION_COMMENTS = YES;
				CLANG_WARN_EMPTY_BODY = YES;
				CLANG_WARN_ENUM_CONVERSION = YES;
				CLANG_WARN_INFINITE_RECURSION = YES;
				CLANG_WARN_INT_CONVERSION = YES;
				CLANG_WARN_NON_LITERAL_NULL_CONVERSION = YES;
				CLANG_WARN_OBJC_IMPLICIT_RETAIN_SELF = YES;
				CLANG_WARN_OBJC_LITERAL_CONVERSION = YES;
				CLANG_WARN_OBJC_ROOT_CLASS = YES_ERROR;
				CLANG_WARN_QUOTED_INCLUDE_IN_FRAMEWORK_HEADER = YES;
				CLANG_WARN_RANGE_LOOP_ANALYSIS = YES;
				CLANG_WARN_STRICT_PROTOTYPES = YES;
				CLANG_WARN_SUSPICIOUS_MOVE = YES;
				CLANG_WARN_UNGUARDED_AVAILABILITY = YES_AGGRESSIVE;
				CLANG_WARN_UNREACHABLE_CODE = YES;
				CLANG_WARN__DUPLICATE_METHOD_MATCH = YES;
				COPY_PHASE_STRIP = NO;
				DEBUG_INFORMATION_FORMAT = dwarf;
				ENABLE_STRICT_OBJC_MSGSEND = YES;
				ENABLE_TESTABILITY = YES;
				ENABLE_USER_SCRIPT_SANDBOXING = YES;
				GCC_C_LANGUAGE_STANDARD = gnu17;
				GCC_DYNAMIC_NO_PIC = NO;
				GCC_NO_COMMON_BLOCKS = YES;
				GCC_OPTIMIZATION_LEVEL = 0;
				GCC_PREPROCESSOR_DEFINITIONS = (
					"DEBUG=1",
					"$(inherited)",
				);
				GCC_WARN_64_TO_32_BIT_CONVERSION = YES;
				GCC_WARN_ABOUT_RETURN_TYPE = YES_ERROR;
				GCC_WARN_UNDECLARED_SELECTOR = YES;
				GCC_WARN_UNINITIALIZED_AUTOS = YES_AGGRESSIVE;
				GCC_WARN_UNUSED_FUNCTION = YES;
				GCC_WARN_UNUSED_VARIABLE = YES;
				IPHONEOS_DEPLOYMENT_TARGET = 17.4;
				LOCALIZATION_PREFERS_STRING_CATALOGS = YES;
				MTL_ENABLE_DEBUG_INFO = INCLUDE_SOURCE;
				MTL_FAST_MATH = YES;
				ONLY_ACTIVE_ARCH = YES;
				SDKROOT = iphoneos;
				SWIFT_ACTIVE_COMPILATION_CONDITIONS = "DEBUG $(inherited)";
				SWIFT_OPTIMIZATION_LEVEL = "-Onone";
			};
			name = Debug;
		};
		7FE1A5B42BF217C5004CC9B2 /* Release */ = {
			isa = XCBuildConfiguration;
			buildSettings = {
				ALWAYS_SEARCH_USER_PATHS = NO;
				ASSETCATALOG_COMPILER_GENERATE_SWIFT_ASSET_SYMBOL_EXTENSIONS = YES;
				CLANG_ANALYZER_NONNULL = YES;
				CLANG_ANALYZER_NUMBER_OBJECT_CONVERSION = YES_AGGRESSIVE;
				CLANG_CXX_LANGUAGE_STANDARD = "gnu++20";
				CLANG_ENABLE_MODULES = YES;
				CLANG_ENABLE_OBJC_ARC = YES;
				CLANG_ENABLE_OBJC_WEAK = YES;
				CLANG_WARN_BLOCK_CAPTURE_AUTORELEASING = YES;
				CLANG_WARN_BOOL_CONVERSION = YES;
				CLANG_WARN_COMMA = YES;
				CLANG_WARN_CONSTANT_CONVERSION = YES;
				CLANG_WARN_DEPRECATED_OBJC_IMPLEMENTATIONS = YES;
				CLANG_WARN_DIRECT_OBJC_ISA_USAGE = YES_ERROR;
				CLANG_WARN_DOCUMENTATION_COMMENTS = YES;
				CLANG_WARN_EMPTY_BODY = YES;
				CLANG_WARN_ENUM_CONVERSION = YES;
				CLANG_WARN_INFINITE_RECURSION = YES;
				CLANG_WARN_INT_CONVERSION = YES;
				CLANG_WARN_NON_LITERAL_NULL_CONVERSION = YES;
				CLANG_WARN_OBJC_IMPLICIT_RETAIN_SELF = YES;
				CLANG_WARN_OBJC_LITERAL_CONVERSION = YES;
				CLANG_WARN_OBJC_ROOT_CLASS = YES_ERROR;
				CLANG_WARN_QUOTED_INCLUDE_IN_FRAMEWORK_HEADER = YES;
				CLANG_WARN_RANGE_LOOP_ANALYSIS = YES;
				CLANG_WARN_STRICT_PROTOTYPES = YES;
				CLANG_WARN_SUSPICIOUS_MOVE = YES;
				CLANG_WARN_UNGUARDED_AVAILABILITY = YES_AGGRESSIVE;
				CLANG_WARN_UNREACHABLE_CODE = YES;
				CLANG_WARN__DUPLICATE_METHOD_MATCH = YES;
				COPY_PHASE_STRIP = NO;
				DEBUG_INFORMATION_FORMAT = "dwarf-with-dsym";
				ENABLE_NS_ASSERTIONS = NO;
				ENABLE_STRICT_OBJC_MSGSEND = YES;
				ENABLE_USER_SCRIPT_SANDBOXING = YES;
				GCC_C_LANGUAGE_STANDARD = gnu17;
				GCC_NO_COMMON_BLOCKS = YES;
				GCC_WARN_64_TO_32_BIT_CONVERSION = YES;
				GCC_WARN_ABOUT_RETURN_TYPE = YES_ERROR;
				GCC_WARN_UNDECLARED_SELECTOR = YES;
				GCC_WARN_UNINITIALIZED_AUTOS = YES_AGGRESSIVE;
				GCC_WARN_UNUSED_FUNCTION = YES;
				GCC_WARN_UNUSED_VARIABLE = YES;
				IPHONEOS_DEPLOYMENT_TARGET = 17.4;
				LOCALIZATION_PREFERS_STRING_CATALOGS = YES;
				MTL_ENABLE_DEBUG_INFO = NO;
				MTL_FAST_MATH = YES;
				SDKROOT = iphoneos;
				SWIFT_COMPILATION_MODE = wholemodule;
				VALIDATE_PRODUCT = YES;
			};
			name = Release;
		};
		7FE1A5B62BF217C5004CC9B2 /* Debug */ = {
			isa = XCBuildConfiguration;
			buildSettings = {
				ASSETCATALOG_COMPILER_APPICON_NAME = AppIcon;
				ASSETCATALOG_COMPILER_GLOBAL_ACCENT_COLOR_NAME = AccentColor;
				CODE_SIGN_STYLE = Automatic;
				CURRENT_PROJECT_VERSION = 1;
				DEVELOPMENT_TEAM = Y27NXSCDUZ;
				GENERATE_INFOPLIST_FILE = YES;
				INFOPLIST_FILE = AutoNews/Info.plist;
				INFOPLIST_KEY_UIApplicationSupportsIndirectInputEvents = YES;
				INFOPLIST_KEY_UILaunchStoryboardName = LaunchScreen;
				INFOPLIST_KEY_UISupportedInterfaceOrientations = "UIInterfaceOrientationLandscapeLeft UIInterfaceOrientationLandscapeRight UIInterfaceOrientationPortrait";
				IPHONEOS_DEPLOYMENT_TARGET = 15.0;
				LD_RUNPATH_SEARCH_PATHS = (
					"$(inherited)",
					"@executable_path/Frameworks",
				);
				MARKETING_VERSION = 1.0;
				PRODUCT_BUNDLE_IDENTIFIER = ru.alexander.kudryashov.AutoNews;
				PRODUCT_NAME = "$(TARGET_NAME)";
				SUPPORTED_PLATFORMS = "iphoneos iphonesimulator";
				SUPPORTS_MACCATALYST = NO;
				SUPPORTS_MAC_DESIGNED_FOR_IPHONE_IPAD = NO;
				SUPPORTS_XR_DESIGNED_FOR_IPHONE_IPAD = NO;
				SWIFT_EMIT_LOC_STRINGS = YES;
				SWIFT_VERSION = 5.0;
				TARGETED_DEVICE_FAMILY = "1,2";
			};
			name = Debug;
		};
		7FE1A5B72BF217C5004CC9B2 /* Release */ = {
			isa = XCBuildConfiguration;
			buildSettings = {
				ASSETCATALOG_COMPILER_APPICON_NAME = AppIcon;
				ASSETCATALOG_COMPILER_GLOBAL_ACCENT_COLOR_NAME = AccentColor;
				CODE_SIGN_STYLE = Automatic;
				CURRENT_PROJECT_VERSION = 1;
				DEVELOPMENT_TEAM = Y27NXSCDUZ;
				GENERATE_INFOPLIST_FILE = YES;
				INFOPLIST_FILE = AutoNews/Info.plist;
				INFOPLIST_KEY_UIApplicationSupportsIndirectInputEvents = YES;
				INFOPLIST_KEY_UILaunchStoryboardName = LaunchScreen;
				INFOPLIST_KEY_UISupportedInterfaceOrientations = "UIInterfaceOrientationLandscapeLeft UIInterfaceOrientationLandscapeRight UIInterfaceOrientationPortrait";
				IPHONEOS_DEPLOYMENT_TARGET = 15.0;
				LD_RUNPATH_SEARCH_PATHS = (
					"$(inherited)",
					"@executable_path/Frameworks",
				);
				MARKETING_VERSION = 1.0;
				PRODUCT_BUNDLE_IDENTIFIER = ru.alexander.kudryashov.AutoNews;
				PRODUCT_NAME = "$(TARGET_NAME)";
				SUPPORTED_PLATFORMS = "iphoneos iphonesimulator";
				SUPPORTS_MACCATALYST = NO;
				SUPPORTS_MAC_DESIGNED_FOR_IPHONE_IPAD = NO;
				SUPPORTS_XR_DESIGNED_FOR_IPHONE_IPAD = NO;
				SWIFT_EMIT_LOC_STRINGS = YES;
				SWIFT_VERSION = 5.0;
				TARGETED_DEVICE_FAMILY = "1,2";
			};
			name = Release;
		};
/* End XCBuildConfiguration section */

/* Begin XCConfigurationList section */
		7FE1A59C2BF217C4004CC9B2 /* Build configuration list for PBXProject "AutoNews" */ = {
			isa = XCConfigurationList;
			buildConfigurations = (
				7FE1A5B32BF217C5004CC9B2 /* Debug */,
				7FE1A5B42BF217C5004CC9B2 /* Release */,
			);
			defaultConfigurationIsVisible = 0;
			defaultConfigurationName = Release;
		};
		7FE1A5B52BF217C5004CC9B2 /* Build configuration list for PBXNativeTarget "AutoNews" */ = {
			isa = XCConfigurationList;
			buildConfigurations = (
				7FE1A5B62BF217C5004CC9B2 /* Debug */,
				7FE1A5B72BF217C5004CC9B2 /* Release */,
			);
			defaultConfigurationIsVisible = 0;
			defaultConfigurationName = Release;
		};
/* End XCConfigurationList section */
	};
	rootObject = 7FE1A5992BF217C4004CC9B2 /* Project object */;
}
